
Microsoft Visual Studio Solution File, Format Version 12.00
# Visual Studio Version 16
VisualStudioVersion = 16.0.30114.105
MinimumVisualStudioVersion = 10.0.40219.1
Project("{FAE04EC0-301F-11D3-BF4B-00C04F79EFBC}") = "Genie3D.Win10", "Platform\Genie3D.Win10\Genie3D.Win10.csproj", "{7B3A7C24-4176-493F-AB5E-A31474EF9D15}"
EndProject
Project("{9A19103F-16F7-4668-BE54-9A1E7A4F7556}") = "Genie3D.Yuk", "Core\Genie3D.Yuk\Genie3D.Yuk.csproj", "{A3A50C08-9CE6-4E2F-A173-4F4EDD3AF08B}"
EndProject
Project("{9A19103F-16F7-4668-BE54-9A1E7A4F7556}") = "Genie3D.DirectX12", "Core\Genie3D.DirectX12\Genie3D.DirectX12.csproj", "{4B86EE25-6F6A-436E-8D6D-E863FC691B09}"
EndProject
Project("{9A19103F-16F7-4668-BE54-9A1E7A4F7556}") = "Genie3D.Vulkan", "Core\Genie3D.Vulkan\Genie3D.Vulkan.csproj", "{87065B38-8664-4A3B-9133-C5E4E9CAEAA9}"
EndProject
Project("{9A19103F-16F7-4668-BE54-9A1E7A4F7556}") = "Genie3D.Console", "Platform\Genie3D.Console\Genie3D.Console.csproj", "{E63BEF8C-0328-4179-8529-3762F910399A}"
EndProject
Project("{9092AA53-FB77-4645-B42D-1CCCA6BD08BD}") = "Genie3D.Web", "Platform\Genie3D.Web\Genie3D.Web.njsproj", "{017FE5D8-3EB0-457D-92DE-B9DCE3D850B5}"
EndProject
Project("{FAE04EC0-301F-11D3-BF4B-00C04F79EFBC}") = "Genie3D.Win10.Test", "Test\Genie3D.Win10.Test\Genie3D.Win10.Test.csproj", "{8E381CE5-2BCC-41DE-92A7-1E7C0244ED9D}"
EndProject
Project("{9A19103F-16F7-4668-BE54-9A1E7A4F7556}") = "Genie3D.Console.Test", "Test\Genie3D.Console.Test\Genie3D.Console.Test.csproj", "{0EB4B7D8-8D07-4566-A5C8-C2F8655B603D}"
EndProject
Project("{9A19103F-16F7-4668-BE54-9A1E7A4F7556}") = "Genie3D.DirectX12.Test", "Test\Genie3D.DirectX12.Test\Genie3D.DirectX12.Test.csproj", "{EA06793D-4438-4A7E-B934-39EA49E5B598}"
EndProject
Project("{2150E333-8FDC-42A3-9474-1A3956D46DE8}") = "Test", "Test", "{F2A7A33F-9B3D-40EF-85DC-2340690E8CF9}"
EndProject
Project("{9A19103F-16F7-4668-BE54-9A1E7A4F7556}") = "Genie3D.Yuk.Test", "Test\Genie3D.Net.Test\Genie3D.Yuk.Test.csproj", "{360CAF5F-F564-4A44-B0C5-0FCE1E33CC28}"
EndProject
Project("{9A19103F-16F7-4668-BE54-9A1E7A4F7556}") = "Genie3D.Vulkan.Test", "Test\Genie3D.Vulkan.Test\Genie3D.Vulkan.Test.csproj", "{E716FB39-221C-4CB4-A52A-E14FB1422501}"
EndProject
Project("{2150E333-8FDC-42A3-9474-1A3956D46DE8}") = "Platform", "Platform", "{E3B0C1D3-AC6F-43FF-9DC3-DB19D4FB039D}"
EndProject
Project("{2150E333-8FDC-42A3-9474-1A3956D46DE8}") = "Core", "Core", "{825291EC-9D13-4859-BFD4-909C803B3A70}"
EndProject
Project("{FAE04EC0-301F-11D3-BF4B-00C04F79EFBC}") = "IniParser", "Core\IniParser\IniParser.csproj", "{C32BDCA0-451E-49DB-943C-3F229C6E6676}"
EndProject
Global
	GlobalSection(SolutionConfigurationPlatforms) = preSolution
		Debug|Any CPU = Debug|Any CPU
		Debug|ARM = Debug|ARM
		Debug|ARM64 = Debug|ARM64
		Debug|x64 = Debug|x64
		Debug|x86 = Debug|x86
		Release|Any CPU = Release|Any CPU
		Release|ARM = Release|ARM
		Release|ARM64 = Release|ARM64
		Release|x64 = Release|x64
		Release|x86 = Release|x86
	EndGlobalSection
	GlobalSection(ProjectConfigurationPlatforms) = postSolution
		{7B3A7C24-4176-493F-AB5E-A31474EF9D15}.Debug|Any CPU.ActiveCfg = Debug|x86
		{7B3A7C24-4176-493F-AB5E-A31474EF9D15}.Debug|ARM.ActiveCfg = Debug|ARM
		{7B3A7C24-4176-493F-AB5E-A31474EF9D15}.Debug|ARM.Build.0 = Debug|ARM
		{7B3A7C24-4176-493F-AB5E-A31474EF9D15}.Debug|ARM.Deploy.0 = Debug|ARM
		{7B3A7C24-4176-493F-AB5E-A31474EF9D15}.Debug|ARM64.ActiveCfg = Debug|ARM64
		{7B3A7C24-4176-493F-AB5E-A31474EF9D15}.Debug|ARM64.Build.0 = Debug|ARM64
		{7B3A7C24-4176-493F-AB5E-A31474EF9D15}.Debug|ARM64.Deploy.0 = Debug|ARM64
		{7B3A7C24-4176-493F-AB5E-A31474EF9D15}.Debug|x64.ActiveCfg = Debug|x64
		{7B3A7C24-4176-493F-AB5E-A31474EF9D15}.Debug|x64.Build.0 = Debug|x64
		{7B3A7C24-4176-493F-AB5E-A31474EF9D15}.Debug|x64.Deploy.0 = Debug|x64
		{7B3A7C24-4176-493F-AB5E-A31474EF9D15}.Debug|x86.ActiveCfg = Debug|x86
		{7B3A7C24-4176-493F-AB5E-A31474EF9D15}.Debug|x86.Build.0 = Debug|x86
		{7B3A7C24-4176-493F-AB5E-A31474EF9D15}.Debug|x86.Deploy.0 = Debug|x86
		{7B3A7C24-4176-493F-AB5E-A31474EF9D15}.Release|Any CPU.ActiveCfg = Release|x86
		{7B3A7C24-4176-493F-AB5E-A31474EF9D15}.Release|ARM.ActiveCfg = Release|ARM
		{7B3A7C24-4176-493F-AB5E-A31474EF9D15}.Release|ARM.Build.0 = Release|ARM
		{7B3A7C24-4176-493F-AB5E-A31474EF9D15}.Release|ARM.Deploy.0 = Release|ARM
		{7B3A7C24-4176-493F-AB5E-A31474EF9D15}.Release|ARM64.ActiveCfg = Release|ARM64
		{7B3A7C24-4176-493F-AB5E-A31474EF9D15}.Release|ARM64.Build.0 = Release|ARM64
		{7B3A7C24-4176-493F-AB5E-A31474EF9D15}.Release|ARM64.Deploy.0 = Release|ARM64
		{7B3A7C24-4176-493F-AB5E-A31474EF9D15}.Release|x64.ActiveCfg = Release|x64
		{7B3A7C24-4176-493F-AB5E-A31474EF9D15}.Release|x64.Build.0 = Release|x64
		{7B3A7C24-4176-493F-AB5E-A31474EF9D15}.Release|x64.Deploy.0 = Release|x64
		{7B3A7C24-4176-493F-AB5E-A31474EF9D15}.Release|x86.ActiveCfg = Release|x86
		{7B3A7C24-4176-493F-AB5E-A31474EF9D15}.Release|x86.Build.0 = Release|x86
		{7B3A7C24-4176-493F-AB5E-A31474EF9D15}.Release|x86.Deploy.0 = Release|x86
		{A3A50C08-9CE6-4E2F-A173-4F4EDD3AF08B}.Debug|Any CPU.ActiveCfg = Debug|Any CPU
		{A3A50C08-9CE6-4E2F-A173-4F4EDD3AF08B}.Debug|Any CPU.Build.0 = Debug|Any CPU
		{A3A50C08-9CE6-4E2F-A173-4F4EDD3AF08B}.Debug|ARM.ActiveCfg = Debug|Any CPU
		{A3A50C08-9CE6-4E2F-A173-4F4EDD3AF08B}.Debug|ARM.Build.0 = Debug|Any CPU
		{A3A50C08-9CE6-4E2F-A173-4F4EDD3AF08B}.Debug|ARM64.ActiveCfg = Debug|Any CPU
		{A3A50C08-9CE6-4E2F-A173-4F4EDD3AF08B}.Debug|ARM64.Build.0 = Debug|Any CPU
		{A3A50C08-9CE6-4E2F-A173-4F4EDD3AF08B}.Debug|x64.ActiveCfg = Debug|Any CPU
		{A3A50C08-9CE6-4E2F-A173-4F4EDD3AF08B}.Debug|x64.Build.0 = Debug|Any CPU
		{A3A50C08-9CE6-4E2F-A173-4F4EDD3AF08B}.Debug|x86.ActiveCfg = Debug|Any CPU
		{A3A50C08-9CE6-4E2F-A173-4F4EDD3AF08B}.Debug|x86.Build.0 = Debug|Any CPU
		{A3A50C08-9CE6-4E2F-A173-4F4EDD3AF08B}.Release|Any CPU.ActiveCfg = Release|Any CPU
		{A3A50C08-9CE6-4E2F-A173-4F4EDD3AF08B}.Release|Any CPU.Build.0 = Release|Any CPU
		{A3A50C08-9CE6-4E2F-A173-4F4EDD3AF08B}.Release|ARM.ActiveCfg = Release|Any CPU
		{A3A50C08-9CE6-4E2F-A173-4F4EDD3AF08B}.Release|ARM.Build.0 = Release|Any CPU
		{A3A50C08-9CE6-4E2F-A173-4F4EDD3AF08B}.Release|ARM64.ActiveCfg = Release|Any CPU
		{A3A50C08-9CE6-4E2F-A173-4F4EDD3AF08B}.Release|ARM64.Build.0 = Release|Any CPU
		{A3A50C08-9CE6-4E2F-A173-4F4EDD3AF08B}.Release|x64.ActiveCfg = Release|Any CPU
		{A3A50C08-9CE6-4E2F-A173-4F4EDD3AF08B}.Release|x64.Build.0 = Release|Any CPU
		{A3A50C08-9CE6-4E2F-A173-4F4EDD3AF08B}.Release|x86.ActiveCfg = Release|Any CPU
		{A3A50C08-9CE6-4E2F-A173-4F4EDD3AF08B}.Release|x86.Build.0 = Release|Any CPU
		{4B86EE25-6F6A-436E-8D6D-E863FC691B09}.Debug|Any CPU.ActiveCfg = Debug|Any CPU
		{4B86EE25-6F6A-436E-8D6D-E863FC691B09}.Debug|Any CPU.Build.0 = Debug|Any CPU
		{4B86EE25-6F6A-436E-8D6D-E863FC691B09}.Debug|ARM.ActiveCfg = Debug|Any CPU
		{4B86EE25-6F6A-436E-8D6D-E863FC691B09}.Debug|ARM.Build.0 = Debug|Any CPU
		{4B86EE25-6F6A-436E-8D6D-E863FC691B09}.Debug|ARM64.ActiveCfg = Debug|Any CPU
		{4B86EE25-6F6A-436E-8D6D-E863FC691B09}.Debug|ARM64.Build.0 = Debug|Any CPU
		{4B86EE25-6F6A-436E-8D6D-E863FC691B09}.Debug|x64.ActiveCfg = Debug|Any CPU
		{4B86EE25-6F6A-436E-8D6D-E863FC691B09}.Debug|x64.Build.0 = Debug|Any CPU
		{4B86EE25-6F6A-436E-8D6D-E863FC691B09}.Debug|x86.ActiveCfg = Debug|Any CPU
		{4B86EE25-6F6A-436E-8D6D-E863FC691B09}.Debug|x86.Build.0 = Debug|Any CPU
		{4B86EE25-6F6A-436E-8D6D-E863FC691B09}.Release|Any CPU.ActiveCfg = Release|Any CPU
		{4B86EE25-6F6A-436E-8D6D-E863FC691B09}.Release|Any CPU.Build.0 = Release|Any CPU
		{4B86EE25-6F6A-436E-8D6D-E863FC691B09}.Release|ARM.ActiveCfg = Release|Any CPU
		{4B86EE25-6F6A-436E-8D6D-E863FC691B09}.Release|ARM.Build.0 = Release|Any CPU
		{4B86EE25-6F6A-436E-8D6D-E863FC691B09}.Release|ARM64.ActiveCfg = Release|Any CPU
		{4B86EE25-6F6A-436E-8D6D-E863FC691B09}.Release|ARM64.Build.0 = Release|Any CPU
		{4B86EE25-6F6A-436E-8D6D-E863FC691B09}.Release|x64.ActiveCfg = Release|Any CPU
		{4B86EE25-6F6A-436E-8D6D-E863FC691B09}.Release|x64.Build.0 = Release|Any CPU
		{4B86EE25-6F6A-436E-8D6D-E863FC691B09}.Release|x86.ActiveCfg = Release|Any CPU
		{4B86EE25-6F6A-436E-8D6D-E863FC691B09}.Release|x86.Build.0 = Release|Any CPU
		{87065B38-8664-4A3B-9133-C5E4E9CAEAA9}.Debug|Any CPU.ActiveCfg = Debug|Any CPU
		{87065B38-8664-4A3B-9133-C5E4E9CAEAA9}.Debug|Any CPU.Build.0 = Debug|Any CPU
		{87065B38-8664-4A3B-9133-C5E4E9CAEAA9}.Debug|ARM.ActiveCfg = Debug|Any CPU
		{87065B38-8664-4A3B-9133-C5E4E9CAEAA9}.Debug|ARM.Build.0 = Debug|Any CPU
		{87065B38-8664-4A3B-9133-C5E4E9CAEAA9}.Debug|ARM64.ActiveCfg = Debug|Any CPU
		{87065B38-8664-4A3B-9133-C5E4E9CAEAA9}.Debug|ARM64.Build.0 = Debug|Any CPU
		{87065B38-8664-4A3B-9133-C5E4E9CAEAA9}.Debug|x64.ActiveCfg = Debug|Any CPU
		{87065B38-8664-4A3B-9133-C5E4E9CAEAA9}.Debug|x64.Build.0 = Debug|Any CPU
		{87065B38-8664-4A3B-9133-C5E4E9CAEAA9}.Debug|x86.ActiveCfg = Debug|Any CPU
		{87065B38-8664-4A3B-9133-C5E4E9CAEAA9}.Debug|x86.Build.0 = Debug|Any CPU
		{87065B38-8664-4A3B-9133-C5E4E9CAEAA9}.Release|Any CPU.ActiveCfg = Release|Any CPU
		{87065B38-8664-4A3B-9133-C5E4E9CAEAA9}.Release|Any CPU.Build.0 = Release|Any CPU
		{87065B38-8664-4A3B-9133-C5E4E9CAEAA9}.Release|ARM.ActiveCfg = Release|Any CPU
		{87065B38-8664-4A3B-9133-C5E4E9CAEAA9}.Release|ARM.Build.0 = Release|Any CPU
		{87065B38-8664-4A3B-9133-C5E4E9CAEAA9}.Release|ARM64.ActiveCfg = Release|Any CPU
		{87065B38-8664-4A3B-9133-C5E4E9CAEAA9}.Release|ARM64.Build.0 = Release|Any CPU
		{87065B38-8664-4A3B-9133-C5E4E9CAEAA9}.Release|x64.ActiveCfg = Release|Any CPU
		{87065B38-8664-4A3B-9133-C5E4E9CAEAA9}.Release|x64.Build.0 = Release|Any CPU
		{87065B38-8664-4A3B-9133-C5E4E9CAEAA9}.Release|x86.ActiveCfg = Release|Any CPU
		{87065B38-8664-4A3B-9133-C5E4E9CAEAA9}.Release|x86.Build.0 = Release|Any CPU
		{E63BEF8C-0328-4179-8529-3762F910399A}.Debug|Any CPU.ActiveCfg = Debug|Any CPU
		{E63BEF8C-0328-4179-8529-3762F910399A}.Debug|Any CPU.Build.0 = Debug|Any CPU
		{E63BEF8C-0328-4179-8529-3762F910399A}.Debug|ARM.ActiveCfg = Debug|Any CPU
		{E63BEF8C-0328-4179-8529-3762F910399A}.Debug|ARM.Build.0 = Debug|Any CPU
		{E63BEF8C-0328-4179-8529-3762F910399A}.Debug|ARM64.ActiveCfg = Debug|Any CPU
		{E63BEF8C-0328-4179-8529-3762F910399A}.Debug|ARM64.Build.0 = Debug|Any CPU
		{E63BEF8C-0328-4179-8529-3762F910399A}.Debug|x64.ActiveCfg = Debug|Any CPU
		{E63BEF8C-0328-4179-8529-3762F910399A}.Debug|x64.Build.0 = Debug|Any CPU
		{E63BEF8C-0328-4179-8529-3762F910399A}.Debug|x86.ActiveCfg = Debug|Any CPU
		{E63BEF8C-0328-4179-8529-3762F910399A}.Debug|x86.Build.0 = Debug|Any CPU
		{E63BEF8C-0328-4179-8529-3762F910399A}.Release|Any CPU.ActiveCfg = Release|Any CPU
		{E63BEF8C-0328-4179-8529-3762F910399A}.Release|Any CPU.Build.0 = Release|Any CPU
		{E63BEF8C-0328-4179-8529-3762F910399A}.Release|ARM.ActiveCfg = Release|Any CPU
		{E63BEF8C-0328-4179-8529-3762F910399A}.Release|ARM.Build.0 = Release|Any CPU
		{E63BEF8C-0328-4179-8529-3762F910399A}.Release|ARM64.ActiveCfg = Release|Any CPU
		{E63BEF8C-0328-4179-8529-3762F910399A}.Release|ARM64.Build.0 = Release|Any CPU
		{E63BEF8C-0328-4179-8529-3762F910399A}.Release|x64.ActiveCfg = Release|Any CPU
		{E63BEF8C-0328-4179-8529-3762F910399A}.Release|x64.Build.0 = Release|Any CPU
		{E63BEF8C-0328-4179-8529-3762F910399A}.Release|x86.ActiveCfg = Release|Any CPU
		{E63BEF8C-0328-4179-8529-3762F910399A}.Release|x86.Build.0 = Release|Any CPU
		{017FE5D8-3EB0-457D-92DE-B9DCE3D850B5}.Debug|Any CPU.ActiveCfg = Debug|Any CPU
		{017FE5D8-3EB0-457D-92DE-B9DCE3D850B5}.Debug|Any CPU.Build.0 = Debug|Any CPU
		{017FE5D8-3EB0-457D-92DE-B9DCE3D850B5}.Debug|ARM.ActiveCfg = Debug|Any CPU
		{017FE5D8-3EB0-457D-92DE-B9DCE3D850B5}.Debug|ARM.Build.0 = Debug|Any CPU
		{017FE5D8-3EB0-457D-92DE-B9DCE3D850B5}.Debug|ARM64.ActiveCfg = Debug|Any CPU
		{017FE5D8-3EB0-457D-92DE-B9DCE3D850B5}.Debug|ARM64.Build.0 = Debug|Any CPU
		{017FE5D8-3EB0-457D-92DE-B9DCE3D850B5}.Debug|x64.ActiveCfg = Debug|Any CPU
		{017FE5D8-3EB0-457D-92DE-B9DCE3D850B5}.Debug|x64.Build.0 = Debug|Any CPU
		{017FE5D8-3EB0-457D-92DE-B9DCE3D850B5}.Debug|x86.ActiveCfg = Debug|Any CPU
		{017FE5D8-3EB0-457D-92DE-B9DCE3D850B5}.Debug|x86.Build.0 = Debug|Any CPU
		{017FE5D8-3EB0-457D-92DE-B9DCE3D850B5}.Release|Any CPU.ActiveCfg = Release|Any CPU
		{017FE5D8-3EB0-457D-92DE-B9DCE3D850B5}.Release|Any CPU.Build.0 = Release|Any CPU
		{017FE5D8-3EB0-457D-92DE-B9DCE3D850B5}.Release|ARM.ActiveCfg = Release|Any CPU
		{017FE5D8-3EB0-457D-92DE-B9DCE3D850B5}.Release|ARM.Build.0 = Release|Any CPU
		{017FE5D8-3EB0-457D-92DE-B9DCE3D850B5}.Release|ARM64.ActiveCfg = Release|Any CPU
		{017FE5D8-3EB0-457D-92DE-B9DCE3D850B5}.Release|ARM64.Build.0 = Release|Any CPU
		{017FE5D8-3EB0-457D-92DE-B9DCE3D850B5}.Release|x64.ActiveCfg = Release|Any CPU
		{017FE5D8-3EB0-457D-92DE-B9DCE3D850B5}.Release|x64.Build.0 = Release|Any CPU
		{017FE5D8-3EB0-457D-92DE-B9DCE3D850B5}.Release|x86.ActiveCfg = Release|Any CPU
		{017FE5D8-3EB0-457D-92DE-B9DCE3D850B5}.Release|x86.Build.0 = Release|Any CPU
		{8E381CE5-2BCC-41DE-92A7-1E7C0244ED9D}.Debug|Any CPU.ActiveCfg = Debug|x86
		{8E381CE5-2BCC-41DE-92A7-1E7C0244ED9D}.Debug|ARM.ActiveCfg = Debug|ARM
		{8E381CE5-2BCC-41DE-92A7-1E7C0244ED9D}.Debug|ARM.Build.0 = Debug|ARM
		{8E381CE5-2BCC-41DE-92A7-1E7C0244ED9D}.Debug|ARM.Deploy.0 = Debug|ARM
		{8E381CE5-2BCC-41DE-92A7-1E7C0244ED9D}.Debug|ARM64.ActiveCfg = Debug|ARM64
		{8E381CE5-2BCC-41DE-92A7-1E7C0244ED9D}.Debug|ARM64.Build.0 = Debug|ARM64
		{8E381CE5-2BCC-41DE-92A7-1E7C0244ED9D}.Debug|ARM64.Deploy.0 = Debug|ARM64
		{8E381CE5-2BCC-41DE-92A7-1E7C0244ED9D}.Debug|x64.ActiveCfg = Debug|x64
		{8E381CE5-2BCC-41DE-92A7-1E7C0244ED9D}.Debug|x64.Build.0 = Debug|x64
		{8E381CE5-2BCC-41DE-92A7-1E7C0244ED9D}.Debug|x64.Deploy.0 = Debug|x64
		{8E381CE5-2BCC-41DE-92A7-1E7C0244ED9D}.Debug|x86.ActiveCfg = Debug|x86
		{8E381CE5-2BCC-41DE-92A7-1E7C0244ED9D}.Debug|x86.Build.0 = Debug|x86
		{8E381CE5-2BCC-41DE-92A7-1E7C0244ED9D}.Debug|x86.Deploy.0 = Debug|x86
		{8E381CE5-2BCC-41DE-92A7-1E7C0244ED9D}.Release|Any CPU.ActiveCfg = Release|x86
		{8E381CE5-2BCC-41DE-92A7-1E7C0244ED9D}.Release|ARM.ActiveCfg = Release|ARM
		{8E381CE5-2BCC-41DE-92A7-1E7C0244ED9D}.Release|ARM.Build.0 = Release|ARM
		{8E381CE5-2BCC-41DE-92A7-1E7C0244ED9D}.Release|ARM.Deploy.0 = Release|ARM
		{8E381CE5-2BCC-41DE-92A7-1E7C0244ED9D}.Release|ARM64.ActiveCfg = Release|ARM64
		{8E381CE5-2BCC-41DE-92A7-1E7C0244ED9D}.Release|ARM64.Build.0 = Release|ARM64
		{8E381CE5-2BCC-41DE-92A7-1E7C0244ED9D}.Release|ARM64.Deploy.0 = Release|ARM64
		{8E381CE5-2BCC-41DE-92A7-1E7C0244ED9D}.Release|x64.ActiveCfg = Release|x64
		{8E381CE5-2BCC-41DE-92A7-1E7C0244ED9D}.Release|x64.Build.0 = Release|x64
		{8E381CE5-2BCC-41DE-92A7-1E7C0244ED9D}.Release|x64.Deploy.0 = Release|x64
		{8E381CE5-2BCC-41DE-92A7-1E7C0244ED9D}.Release|x86.ActiveCfg = Release|x86
		{8E381CE5-2BCC-41DE-92A7-1E7C0244ED9D}.Release|x86.Build.0 = Release|x86
		{8E381CE5-2BCC-41DE-92A7-1E7C0244ED9D}.Release|x86.Deploy.0 = Release|x86
		{0EB4B7D8-8D07-4566-A5C8-C2F8655B603D}.Debug|Any CPU.ActiveCfg = Debug|Any CPU
		{0EB4B7D8-8D07-4566-A5C8-C2F8655B603D}.Debug|Any CPU.Build.0 = Debug|Any CPU
		{0EB4B7D8-8D07-4566-A5C8-C2F8655B603D}.Debug|ARM.ActiveCfg = Debug|Any CPU
		{0EB4B7D8-8D07-4566-A5C8-C2F8655B603D}.Debug|ARM.Build.0 = Debug|Any CPU
		{0EB4B7D8-8D07-4566-A5C8-C2F8655B603D}.Debug|ARM64.ActiveCfg = Debug|Any CPU
		{0EB4B7D8-8D07-4566-A5C8-C2F8655B603D}.Debug|ARM64.Build.0 = Debug|Any CPU
		{0EB4B7D8-8D07-4566-A5C8-C2F8655B603D}.Debug|x64.ActiveCfg = Debug|Any CPU
		{0EB4B7D8-8D07-4566-A5C8-C2F8655B603D}.Debug|x64.Build.0 = Debug|Any CPU
		{0EB4B7D8-8D07-4566-A5C8-C2F8655B603D}.Debug|x86.ActiveCfg = Debug|Any CPU
		{0EB4B7D8-8D07-4566-A5C8-C2F8655B603D}.Debug|x86.Build.0 = Debug|Any CPU
		{0EB4B7D8-8D07-4566-A5C8-C2F8655B603D}.Release|Any CPU.ActiveCfg = Release|Any CPU
		{0EB4B7D8-8D07-4566-A5C8-C2F8655B603D}.Release|Any CPU.Build.0 = Release|Any CPU
		{0EB4B7D8-8D07-4566-A5C8-C2F8655B603D}.Release|ARM.ActiveCfg = Release|Any CPU
		{0EB4B7D8-8D07-4566-A5C8-C2F8655B603D}.Release|ARM.Build.0 = Release|Any CPU
		{0EB4B7D8-8D07-4566-A5C8-C2F8655B603D}.Release|ARM64.ActiveCfg = Release|Any CPU
		{0EB4B7D8-8D07-4566-A5C8-C2F8655B603D}.Release|ARM64.Build.0 = Release|Any CPU
		{0EB4B7D8-8D07-4566-A5C8-C2F8655B603D}.Release|x64.ActiveCfg = Release|Any CPU
		{0EB4B7D8-8D07-4566-A5C8-C2F8655B603D}.Release|x64.Build.0 = Release|Any CPU
		{0EB4B7D8-8D07-4566-A5C8-C2F8655B603D}.Release|x86.ActiveCfg = Release|Any CPU
		{0EB4B7D8-8D07-4566-A5C8-C2F8655B603D}.Release|x86.Build.0 = Release|Any CPU
		{EA06793D-4438-4A7E-B934-39EA49E5B598}.Debug|Any CPU.ActiveCfg = Debug|Any CPU
		{EA06793D-4438-4A7E-B934-39EA49E5B598}.Debug|Any CPU.Build.0 = Debug|Any CPU
		{EA06793D-4438-4A7E-B934-39EA49E5B598}.Debug|ARM.ActiveCfg = Debug|Any CPU
		{EA06793D-4438-4A7E-B934-39EA49E5B598}.Debug|ARM.Build.0 = Debug|Any CPU
		{EA06793D-4438-4A7E-B934-39EA49E5B598}.Debug|ARM64.ActiveCfg = Debug|Any CPU
		{EA06793D-4438-4A7E-B934-39EA49E5B598}.Debug|ARM64.Build.0 = Debug|Any CPU
		{EA06793D-4438-4A7E-B934-39EA49E5B598}.Debug|x64.ActiveCfg = Debug|Any CPU
		{EA06793D-4438-4A7E-B934-39EA49E5B598}.Debug|x64.Build.0 = Debug|Any CPU
		{EA06793D-4438-4A7E-B934-39EA49E5B598}.Debug|x86.ActiveCfg = Debug|Any CPU
		{EA06793D-4438-4A7E-B934-39EA49E5B598}.Debug|x86.Build.0 = Debug|Any CPU
		{EA06793D-4438-4A7E-B934-39EA49E5B598}.Release|Any CPU.ActiveCfg = Release|Any CPU
		{EA06793D-4438-4A7E-B934-39EA49E5B598}.Release|Any CPU.Build.0 = Release|Any CPU
		{EA06793D-4438-4A7E-B934-39EA49E5B598}.Release|ARM.ActiveCfg = Release|Any CPU
		{EA06793D-4438-4A7E-B934-39EA49E5B598}.Release|ARM.Build.0 = Release|Any CPU
		{EA06793D-4438-4A7E-B934-39EA49E5B598}.Release|ARM64.ActiveCfg = Release|Any CPU
		{EA06793D-4438-4A7E-B934-39EA49E5B598}.Release|ARM64.Build.0 = Release|Any CPU
		{EA06793D-4438-4A7E-B934-39EA49E5B598}.Release|x64.ActiveCfg = Release|Any CPU
		{EA06793D-4438-4A7E-B934-39EA49E5B598}.Release|x64.Build.0 = Release|Any CPU
		{EA06793D-4438-4A7E-B934-39EA49E5B598}.Release|x86.ActiveCfg = Release|Any CPU
		{EA06793D-4438-4A7E-B934-39EA49E5B598}.Release|x86.Build.0 = Release|Any CPU
		{360CAF5F-F564-4A44-B0C5-0FCE1E33CC28}.Debug|Any CPU.ActiveCfg = Debug|Any CPU
		{360CAF5F-F564-4A44-B0C5-0FCE1E33CC28}.Debug|Any CPU.Build.0 = Debug|Any CPU
		{360CAF5F-F564-4A44-B0C5-0FCE1E33CC28}.Debug|ARM.ActiveCfg = Debug|Any CPU
		{360CAF5F-F564-4A44-B0C5-0FCE1E33CC28}.Debug|ARM.Build.0 = Debug|Any CPU
		{360CAF5F-F564-4A44-B0C5-0FCE1E33CC28}.Debug|ARM64.ActiveCfg = Debug|Any CPU
		{360CAF5F-F564-4A44-B0C5-0FCE1E33CC28}.Debug|ARM64.Build.0 = Debug|Any CPU
		{360CAF5F-F564-4A44-B0C5-0FCE1E33CC28}.Debug|x64.ActiveCfg = Debug|Any CPU
		{360CAF5F-F564-4A44-B0C5-0FCE1E33CC28}.Debug|x64.Build.0 = Debug|Any CPU
		{360CAF5F-F564-4A44-B0C5-0FCE1E33CC28}.Debug|x86.ActiveCfg = Debug|Any CPU
		{360CAF5F-F564-4A44-B0C5-0FCE1E33CC28}.Debug|x86.Build.0 = Debug|Any CPU
		{360CAF5F-F564-4A44-B0C5-0FCE1E33CC28}.Release|Any CPU.ActiveCfg = Release|Any CPU
		{360CAF5F-F564-4A44-B0C5-0FCE1E33CC28}.Release|Any CPU.Build.0 = Release|Any CPU
		{360CAF5F-F564-4A44-B0C5-0FCE1E33CC28}.Release|ARM.ActiveCfg = Release|Any CPU
		{360CAF5F-F564-4A44-B0C5-0FCE1E33CC28}.Release|ARM.Build.0 = Release|Any CPU
		{360CAF5F-F564-4A44-B0C5-0FCE1E33CC28}.Release|ARM64.ActiveCfg = Release|Any CPU
		{360CAF5F-F564-4A44-B0C5-0FCE1E33CC28}.Release|ARM64.Build.0 = Release|Any CPU
		{360CAF5F-F564-4A44-B0C5-0FCE1E33CC28}.Release|x64.ActiveCfg = Release|Any CPU
		{360CAF5F-F564-4A44-B0C5-0FCE1E33CC28}.Release|x64.Build.0 = Release|Any CPU
		{360CAF5F-F564-4A44-B0C5-0FCE1E33CC28}.Release|x86.ActiveCfg = Release|Any CPU
		{360CAF5F-F564-4A44-B0C5-0FCE1E33CC28}.Release|x86.Build.0 = Release|Any CPU
		{E716FB39-221C-4CB4-A52A-E14FB1422501}.Debug|Any CPU.ActiveCfg = Debug|Any CPU
		{E716FB39-221C-4CB4-A52A-E14FB1422501}.Debug|Any CPU.Build.0 = Debug|Any CPU
		{E716FB39-221C-4CB4-A52A-E14FB1422501}.Debug|ARM.ActiveCfg = Debug|Any CPU
		{E716FB39-221C-4CB4-A52A-E14FB1422501}.Debug|ARM.Build.0 = Debug|Any CPU
		{E716FB39-221C-4CB4-A52A-E14FB1422501}.Debug|ARM64.ActiveCfg = Debug|Any CPU
		{E716FB39-221C-4CB4-A52A-E14FB1422501}.Debug|ARM64.Build.0 = Debug|Any CPU
		{E716FB39-221C-4CB4-A52A-E14FB1422501}.Debug|x64.ActiveCfg = Debug|Any CPU
		{E716FB39-221C-4CB4-A52A-E14FB1422501}.Debug|x64.Build.0 = Debug|Any CPU
		{E716FB39-221C-4CB4-A52A-E14FB1422501}.Debug|x86.ActiveCfg = Debug|Any CPU
		{E716FB39-221C-4CB4-A52A-E14FB1422501}.Debug|x86.Build.0 = Debug|Any CPU
		{E716FB39-221C-4CB4-A52A-E14FB1422501}.Release|Any CPU.ActiveCfg = Release|Any CPU
		{E716FB39-221C-4CB4-A52A-E14FB1422501}.Release|Any CPU.Build.0 = Release|Any CPU
		{E716FB39-221C-4CB4-A52A-E14FB1422501}.Release|ARM.ActiveCfg = Release|Any CPU
		{E716FB39-221C-4CB4-A52A-E14FB1422501}.Release|ARM.Build.0 = Release|Any CPU
		{E716FB39-221C-4CB4-A52A-E14FB1422501}.Release|ARM64.ActiveCfg = Release|Any CPU
		{E716FB39-221C-4CB4-A52A-E14FB1422501}.Release|ARM64.Build.0 = Release|Any CPU
		{E716FB39-221C-4CB4-A52A-E14FB1422501}.Release|x64.ActiveCfg = Release|Any CPU
		{E716FB39-221C-4CB4-A52A-E14FB1422501}.Release|x64.Build.0 = Release|Any CPU
		{E716FB39-221C-4CB4-A52A-E14FB1422501}.Release|x86.ActiveCfg = Release|Any CPU
		{E716FB39-221C-4CB4-A52A-E14FB1422501}.Release|x86.Build.0 = Release|Any CPU
		{C32BDCA0-451E-49DB-943C-3F229C6E6676}.Debug|Any CPU.ActiveCfg = Debug|Any CPU
		{C32BDCA0-451E-49DB-943C-3F229C6E6676}.Debug|Any CPU.Build.0 = Debug|Any CPU
		{C32BDCA0-451E-49DB-943C-3F229C6E6676}.Debug|ARM.ActiveCfg = Debug|Any CPU
		{C32BDCA0-451E-49DB-943C-3F229C6E6676}.Debug|ARM.Build.0 = Debug|Any CPU
		{C32BDCA0-451E-49DB-943C-3F229C6E6676}.Debug|ARM64.ActiveCfg = Debug|Any CPU
		{C32BDCA0-451E-49DB-943C-3F229C6E6676}.Debug|ARM64.Build.0 = Debug|Any CPU
		{C32BDCA0-451E-49DB-943C-3F229C6E6676}.Debug|x64.ActiveCfg = Debug|Any CPU
		{C32BDCA0-451E-49DB-943C-3F229C6E6676}.Debug|x64.Build.0 = Debug|Any CPU
		{C32BDCA0-451E-49DB-943C-3F229C6E6676}.Debug|x86.ActiveCfg = Debug|Any CPU
		{C32BDCA0-451E-49DB-943C-3F229C6E6676}.Debug|x86.Build.0 = Debug|Any CPU
		{C32BDCA0-451E-49DB-943C-3F229C6E6676}.Release|Any CPU.ActiveCfg = Release|Any CPU
		{C32BDCA0-451E-49DB-943C-3F229C6E6676}.Release|Any CPU.Build.0 = Release|Any CPU
		{C32BDCA0-451E-49DB-943C-3F229C6E6676}.Release|ARM.ActiveCfg = Release|Any CPU
		{C32BDCA0-451E-49DB-943C-3F229C6E6676}.Release|ARM.Build.0 = Release|Any CPU
		{C32BDCA0-451E-49DB-943C-3F229C6E6676}.Release|ARM64.ActiveCfg = Release|Any CPU
		{C32BDCA0-451E-49DB-943C-3F229C6E6676}.Release|ARM64.Build.0 = Release|Any CPU
		{C32BDCA0-451E-49DB-943C-3F229C6E6676}.Release|x64.ActiveCfg = Release|Any CPU
		{C32BDCA0-451E-49DB-943C-3F229C6E6676}.Release|x64.Build.0 = Release|Any CPU
		{C32BDCA0-451E-49DB-943C-3F229C6E6676}.Release|x86.ActiveCfg = Release|Any CPU
		{C32BDCA0-451E-49DB-943C-3F229C6E6676}.Release|x86.Build.0 = Release|Any CPU
	EndGlobalSection
	GlobalSection(SolutionProperties) = preSolution
		HideSolutionNode = FALSE
	EndGlobalSection
	GlobalSection(NestedProjects) = preSolution
		{7B3A7C24-4176-493F-AB5E-A31474EF9D15} = {E3B0C1D3-AC6F-43FF-9DC3-DB19D4FB039D}
		{A3A50C08-9CE6-4E2F-A173-4F4EDD3AF08B} = {825291EC-9D13-4859-BFD4-909C803B3A70}
		{4B86EE25-6F6A-436E-8D6D-E863FC691B09} = {825291EC-9D13-4859-BFD4-909C803B3A70}
		{87065B38-8664-4A3B-9133-C5E4E9CAEAA9} = {825291EC-9D13-4859-BFD4-909C803B3A70}
		{E63BEF8C-0328-4179-8529-3762F910399A} = {E3B0C1D3-AC6F-43FF-9DC3-DB19D4FB039D}
		{017FE5D8-3EB0-457D-92DE-B9DCE3D850B5} = {E3B0C1D3-AC6F-43FF-9DC3-DB19D4FB039D}
		{8E381CE5-2BCC-41DE-92A7-1E7C0244ED9D} = {F2A7A33F-9B3D-40EF-85DC-2340690E8CF9}
		{0EB4B7D8-8D07-4566-A5C8-C2F8655B603D} = {F2A7A33F-9B3D-40EF-85DC-2340690E8CF9}
		{EA06793D-4438-4A7E-B934-39EA49E5B598} = {F2A7A33F-9B3D-40EF-85DC-2340690E8CF9}
		{360CAF5F-F564-4A44-B0C5-0FCE1E33CC28} = {F2A7A33F-9B3D-40EF-85DC-2340690E8CF9}
		{E716FB39-221C-4CB4-A52A-E14FB1422501} = {F2A7A33F-9B3D-40EF-85DC-2340690E8CF9}
		{C32BDCA0-451E-49DB-943C-3F229C6E6676} = {825291EC-9D13-4859-BFD4-909C803B3A70}
	EndGlobalSection
	GlobalSection(ExtensibilityGlobals) = postSolution
		SolutionGuid = {645B5BBB-BD8B-48F6-A639-D301D7A1C7E4}
	EndGlobalSection
EndGlobal
