### YamlMime:ManagedReference
items:
- uid: Genie.Yuk.Clock
  commentId: T:Genie.Yuk.Clock
  id: Clock
  parent: Genie.Yuk
  children:
  - Genie.Yuk.Clock.#ctor
  - Genie.Yuk.Clock.Elapsed
  - Genie.Yuk.Clock.MsElapsed
  - Genie.Yuk.Clock.SecElapsed
  - Genie.Yuk.Clock.Start
  - Genie.Yuk.Clock.Stop
  langs:
  - csharp
  - vb
  name: Clock
  nameWithType: Clock
  fullName: Genie.Yuk.Clock
  type: Class
  source:
    remote:
      path: Source/Genie.Yuk/Genie.Core/Clock.cs
      branch: master
      repo: https://github.com/sabanadesan/Genie.Yuk.git
    id: Clock
    path: Genie.Core/Clock.cs
    startLine: 9
  assemblies:
  - Genie.Yuk
  namespace: Genie.Yuk
  syntax:
    content: public class Clock
    content.vb: Public Class Clock
  inheritance:
  - System.Object
  inheritedMembers:
  - System.Object.Equals(System.Object)
  - System.Object.Equals(System.Object,System.Object)
  - System.Object.GetHashCode
  - System.Object.GetType
  - System.Object.MemberwiseClone
  - System.Object.ReferenceEquals(System.Object,System.Object)
  - System.Object.ToString
  modifiers.csharp:
  - public
  - class
  modifiers.vb:
  - Public
  - Class
- uid: Genie.Yuk.Clock.#ctor
  commentId: M:Genie.Yuk.Clock.#ctor
  id: '#ctor'
  parent: Genie.Yuk.Clock
  langs:
  - csharp
  - vb
  name: Clock()
  nameWithType: Clock.Clock()
  fullName: Genie.Yuk.Clock.Clock()
  type: Constructor
  source:
    remote:
      path: Source/Genie.Yuk/Genie.Core/Clock.cs
      branch: master
      repo: https://github.com/sabanadesan/Genie.Yuk.git
    id: .ctor
    path: Genie.Core/Clock.cs
    startLine: 13
  assemblies:
  - Genie.Yuk
  namespace: Genie.Yuk
  syntax:
    content: public Clock()
    content.vb: Public Sub New
  overload: Genie.Yuk.Clock.#ctor*
  modifiers.csharp:
  - public
  modifiers.vb:
  - Public
- uid: Genie.Yuk.Clock.Start
  commentId: M:Genie.Yuk.Clock.Start
  id: Start
  parent: Genie.Yuk.Clock
  langs:
  - csharp
  - vb
  name: Start()
  nameWithType: Clock.Start()
  fullName: Genie.Yuk.Clock.Start()
  type: Method
  source:
    remote:
      path: Source/Genie.Yuk/Genie.Core/Clock.cs
      branch: master
      repo: https://github.com/sabanadesan/Genie.Yuk.git
    id: Start
    path: Genie.Core/Clock.cs
    startLine: 18
  assemblies:
  - Genie.Yuk
  namespace: Genie.Yuk
  syntax:
    content: public void Start()
    content.vb: Public Sub Start
  overload: Genie.Yuk.Clock.Start*
  modifiers.csharp:
  - public
  modifiers.vb:
  - Public
- uid: Genie.Yuk.Clock.Stop
  commentId: M:Genie.Yuk.Clock.Stop
  id: Stop
  parent: Genie.Yuk.Clock
  langs:
  - csharp
  - vb
  name: Stop()
  nameWithType: Clock.Stop()
  fullName: Genie.Yuk.Clock.Stop()
  type: Method
  source:
    remote:
      path: Source/Genie.Yuk/Genie.Core/Clock.cs
      branch: master
      repo: https://github.com/sabanadesan/Genie.Yuk.git
    id: Stop
    path: Genie.Core/Clock.cs
    startLine: 23
  assemblies:
  - Genie.Yuk
  namespace: Genie.Yuk
  syntax:
    content: public void Stop()
    content.vb: Public Sub Stop
  overload: Genie.Yuk.Clock.Stop*
  modifiers.csharp:
  - public
  modifiers.vb:
  - Public
- uid: Genie.Yuk.Clock.Elapsed
  commentId: M:Genie.Yuk.Clock.Elapsed
  id: Elapsed
  parent: Genie.Yuk.Clock
  langs:
  - csharp
  - vb
  name: Elapsed()
  nameWithType: Clock.Elapsed()
  fullName: Genie.Yuk.Clock.Elapsed()
  type: Method
  source:
    remote:
      path: Source/Genie.Yuk/Genie.Core/Clock.cs
      branch: master
      repo: https://github.com/sabanadesan/Genie.Yuk.git
    id: Elapsed
    path: Genie.Core/Clock.cs
    startLine: 28
  assemblies:
  - Genie.Yuk
  namespace: Genie.Yuk
  syntax:
    content: public TimeSpan Elapsed()
    return:
      type: System.TimeSpan
    content.vb: Public Function Elapsed As TimeSpan
  overload: Genie.Yuk.Clock.Elapsed*
  modifiers.csharp:
  - public
  modifiers.vb:
  - Public
- uid: Genie.Yuk.Clock.MsElapsed
  commentId: M:Genie.Yuk.Clock.MsElapsed
  id: MsElapsed
  parent: Genie.Yuk.Clock
  langs:
  - csharp
  - vb
  name: MsElapsed()
  nameWithType: Clock.MsElapsed()
  fullName: Genie.Yuk.Clock.MsElapsed()
  type: Method
  source:
    remote:
      path: Source/Genie.Yuk/Genie.Core/Clock.cs
      branch: master
      repo: https://github.com/sabanadesan/Genie.Yuk.git
    id: MsElapsed
    path: Genie.Core/Clock.cs
    startLine: 34
  assemblies:
  - Genie.Yuk
  namespace: Genie.Yuk
  syntax:
    content: public int MsElapsed()
    return:
      type: System.Int32
    content.vb: Public Function MsElapsed As Integer
  overload: Genie.Yuk.Clock.MsElapsed*
  modifiers.csharp:
  - public
  modifiers.vb:
  - Public
- uid: Genie.Yuk.Clock.SecElapsed
  commentId: M:Genie.Yuk.Clock.SecElapsed
  id: SecElapsed
  parent: Genie.Yuk.Clock
  langs:
  - csharp
  - vb
  name: SecElapsed()
  nameWithType: Clock.SecElapsed()
  fullName: Genie.Yuk.Clock.SecElapsed()
  type: Method
  source:
    remote:
      path: Source/Genie.Yuk/Genie.Core/Clock.cs
      branch: master
      repo: https://github.com/sabanadesan/Genie.Yuk.git
    id: SecElapsed
    path: Genie.Core/Clock.cs
    startLine: 40
  assemblies:
  - Genie.Yuk
  namespace: Genie.Yuk
  syntax:
    content: public int SecElapsed()
    return:
      type: System.Int32
    content.vb: Public Function SecElapsed As Integer
  overload: Genie.Yuk.Clock.SecElapsed*
  modifiers.csharp:
  - public
  modifiers.vb:
  - Public
references:
- uid: Genie.Yuk
  commentId: N:Genie.Yuk
  name: Genie.Yuk
  nameWithType: Genie.Yuk
  fullName: Genie.Yuk
- uid: System.Object
  commentId: T:System.Object
  parent: System
  isExternal: true
  name: Object
  nameWithType: Object
  fullName: System.Object
- uid: System.Object.Equals(System.Object)
  commentId: M:System.Object.Equals(System.Object)
  parent: System.Object
  isExternal: true
  name: Equals(Object)
  nameWithType: Object.Equals(Object)
  fullName: System.Object.Equals(System.Object)
  spec.csharp:
  - uid: System.Object.Equals(System.Object)
    name: Equals
    nameWithType: Object.Equals
    fullName: System.Object.Equals
    isExternal: true
  - name: (
    nameWithType: (
    fullName: (
  - uid: System.Object
    name: Object
    nameWithType: Object
    fullName: System.Object
    isExternal: true
  - name: )
    nameWithType: )
    fullName: )
  spec.vb:
  - uid: System.Object.Equals(System.Object)
    name: Equals
    nameWithType: Object.Equals
    fullName: System.Object.Equals
    isExternal: true
  - name: (
    nameWithType: (
    fullName: (
  - uid: System.Object
    name: Object
    nameWithType: Object
    fullName: System.Object
    isExternal: true
  - name: )
    nameWithType: )
    fullName: )
- uid: System.Object.Equals(System.Object,System.Object)
  commentId: M:System.Object.Equals(System.Object,System.Object)
  parent: System.Object
  isExternal: true
  name: Equals(Object, Object)
  nameWithType: Object.Equals(Object, Object)
  fullName: System.Object.Equals(System.Object, System.Object)
  spec.csharp:
  - uid: System.Object.Equals(System.Object,System.Object)
    name: Equals
    nameWithType: Object.Equals
    fullName: System.Object.Equals
    isExternal: true
  - name: (
    nameWithType: (
    fullName: (
  - uid: System.Object
    name: Object
    nameWithType: Object
    fullName: System.Object
    isExternal: true
  - name: ', '
    nameWithType: ', '
    fullName: ', '
  - uid: System.Object
    name: Object
    nameWithType: Object
    fullName: System.Object
    isExternal: true
  - name: )
    nameWithType: )
    fullName: )
  spec.vb:
  - uid: System.Object.Equals(System.Object,System.Object)
    name: Equals
    nameWithType: Object.Equals
    fullName: System.Object.Equals
    isExternal: true
  - name: (
    nameWithType: (
    fullName: (
  - uid: System.Object
    name: Object
    nameWithType: Object
    fullName: System.Object
    isExternal: true
  - name: ', '
    nameWithType: ', '
    fullName: ', '
  - uid: System.Object
    name: Object
    nameWithType: Object
    fullName: System.Object
    isExternal: true
  - name: )
    nameWithType: )
    fullName: )
- uid: System.Object.GetHashCode
  commentId: M:System.Object.GetHashCode
  parent: System.Object
  isExternal: true
  name: GetHashCode()
  nameWithType: Object.GetHashCode()
  fullName: System.Object.GetHashCode()
  spec.csharp:
  - uid: System.Object.GetHashCode
    name: GetHashCode
    nameWithType: Object.GetHashCode
    fullName: System.Object.GetHashCode
    isExternal: true
  - name: (
    nameWithType: (
    fullName: (
  - name: )
    nameWithType: )
    fullName: )
  spec.vb:
  - uid: System.Object.GetHashCode
    name: GetHashCode
    nameWithType: Object.GetHashCode
    fullName: System.Object.GetHashCode
    isExternal: true
  - name: (
    nameWithType: (
    fullName: (
  - name: )
    nameWithType: )
    fullName: )
- uid: System.Object.GetType
  commentId: M:System.Object.GetType
  parent: System.Object
  isExternal: true
  name: GetType()
  nameWithType: Object.GetType()
  fullName: System.Object.GetType()
  spec.csharp:
  - uid: System.Object.GetType
    name: GetType
    nameWithType: Object.GetType
    fullName: System.Object.GetType
    isExternal: true
  - name: (
    nameWithType: (
    fullName: (
  - name: )
    nameWithType: )
    fullName: )
  spec.vb:
  - uid: System.Object.GetType
    name: GetType
    nameWithType: Object.GetType
    fullName: System.Object.GetType
    isExternal: true
  - name: (
    nameWithType: (
    fullName: (
  - name: )
    nameWithType: )
    fullName: )
- uid: System.Object.MemberwiseClone
  commentId: M:System.Object.MemberwiseClone
  parent: System.Object
  isExternal: true
  name: MemberwiseClone()
  nameWithType: Object.MemberwiseClone()
  fullName: System.Object.MemberwiseClone()
  spec.csharp:
  - uid: System.Object.MemberwiseClone
    name: MemberwiseClone
    nameWithType: Object.MemberwiseClone
    fullName: System.Object.MemberwiseClone
    isExternal: true
  - name: (
    nameWithType: (
    fullName: (
  - name: )
    nameWithType: )
    fullName: )
  spec.vb:
  - uid: System.Object.MemberwiseClone
    name: MemberwiseClone
    nameWithType: Object.MemberwiseClone
    fullName: System.Object.MemberwiseClone
    isExternal: true
  - name: (
    nameWithType: (
    fullName: (
  - name: )
    nameWithType: )
    fullName: )
- uid: System.Object.ReferenceEquals(System.Object,System.Object)
  commentId: M:System.Object.ReferenceEquals(System.Object,System.Object)
  parent: System.Object
  isExternal: true
  name: ReferenceEquals(Object, Object)
  nameWithType: Object.ReferenceEquals(Object, Object)
  fullName: System.Object.ReferenceEquals(System.Object, System.Object)
  spec.csharp:
  - uid: System.Object.ReferenceEquals(System.Object,System.Object)
    name: ReferenceEquals
    nameWithType: Object.ReferenceEquals
    fullName: System.Object.ReferenceEquals
    isExternal: true
  - name: (
    nameWithType: (
    fullName: (
  - uid: System.Object
    name: Object
    nameWithType: Object
    fullName: System.Object
    isExternal: true
  - name: ', '
    nameWithType: ', '
    fullName: ', '
  - uid: System.Object
    name: Object
    nameWithType: Object
    fullName: System.Object
    isExternal: true
  - name: )
    nameWithType: )
    fullName: )
  spec.vb:
  - uid: System.Object.ReferenceEquals(System.Object,System.Object)
    name: ReferenceEquals
    nameWithType: Object.ReferenceEquals
    fullName: System.Object.ReferenceEquals
    isExternal: true
  - name: (
    nameWithType: (
    fullName: (
  - uid: System.Object
    name: Object
    nameWithType: Object
    fullName: System.Object
    isExternal: true
  - name: ', '
    nameWithType: ', '
    fullName: ', '
  - uid: System.Object
    name: Object
    nameWithType: Object
    fullName: System.Object
    isExternal: true
  - name: )
    nameWithType: )
    fullName: )
- uid: System.Object.ToString
  commentId: M:System.Object.ToString
  parent: System.Object
  isExternal: true
  name: ToString()
  nameWithType: Object.ToString()
  fullName: System.Object.ToString()
  spec.csharp:
  - uid: System.Object.ToString
    name: ToString
    nameWithType: Object.ToString
    fullName: System.Object.ToString
    isExternal: true
  - name: (
    nameWithType: (
    fullName: (
  - name: )
    nameWithType: )
    fullName: )
  spec.vb:
  - uid: System.Object.ToString
    name: ToString
    nameWithType: Object.ToString
    fullName: System.Object.ToString
    isExternal: true
  - name: (
    nameWithType: (
    fullName: (
  - name: )
    nameWithType: )
    fullName: )
- uid: System
  commentId: N:System
  isExternal: true
  name: System
  nameWithType: System
  fullName: System
- uid: Genie.Yuk.Clock.#ctor*
  commentId: Overload:Genie.Yuk.Clock.#ctor
  name: Clock
  nameWithType: Clock.Clock
  fullName: Genie.Yuk.Clock.Clock
- uid: Genie.Yuk.Clock.Start*
  commentId: Overload:Genie.Yuk.Clock.Start
  name: Start
  nameWithType: Clock.Start
  fullName: Genie.Yuk.Clock.Start
- uid: Genie.Yuk.Clock.Stop*
  commentId: Overload:Genie.Yuk.Clock.Stop
  name: Stop
  nameWithType: Clock.Stop
  fullName: Genie.Yuk.Clock.Stop
- uid: Genie.Yuk.Clock.Elapsed*
  commentId: Overload:Genie.Yuk.Clock.Elapsed
  name: Elapsed
  nameWithType: Clock.Elapsed
  fullName: Genie.Yuk.Clock.Elapsed
- uid: System.TimeSpan
  commentId: T:System.TimeSpan
  parent: System
  isExternal: true
  name: TimeSpan
  nameWithType: TimeSpan
  fullName: System.TimeSpan
- uid: Genie.Yuk.Clock.MsElapsed*
  commentId: Overload:Genie.Yuk.Clock.MsElapsed
  name: MsElapsed
  nameWithType: Clock.MsElapsed
  fullName: Genie.Yuk.Clock.MsElapsed
- uid: System.Int32
  commentId: T:System.Int32
  parent: System
  isExternal: true
  name: Int32
  nameWithType: Int32
  fullName: System.Int32
- uid: Genie.Yuk.Clock.SecElapsed*
  commentId: Overload:Genie.Yuk.Clock.SecElapsed
  name: SecElapsed
  nameWithType: Clock.SecElapsed
  fullName: Genie.Yuk.Clock.SecElapsed
shouldSkipMarkup: true
